
Microsoft Visual Studio Solution File, Format Version 12.00
# Visual Studio Version 17
VisualStudioVersion = 17.12.35527.113
MinimumVisualStudioVersion = 10.0.40219.1
Project("{FAE04EC0-301F-11D3-BF4B-00C04F79EFBC}") = "ApiProjeKampi.WebApi", "ApiProjeKampi.WebApi\ApiProjeKampi.WebApi.csproj", "{E5498D77-4633-4FB1-9BF6-BC194D4A7170}"
EndProject
Project("{FAE04EC0-301F-11D3-BF4B-00C04F79EFBC}") = "ApiProjeKampi.WebUI", "ApiProjeKampi.WebUI\ApiProjeKampi.WebUI.csproj", "{7F063FF6-FC8B-471F-9AED-38B85CCD5727}"
EndProject
Global
	GlobalSection(SolutionConfigurationPlatforms) = preSolution
		Debug|Any CPU = Debug|Any CPU
		Release|Any CPU = Release|Any CPU
	EndGlobalSection
	GlobalSection(ProjectConfigurationPlatforms) = postSolution
		{E5498D77-4633-4FB1-9BF6-BC194D4A7170}.Debug|Any CPU.ActiveCfg = Debug|Any CPU
		{E5498D77-4633-4FB1-9BF6-BC194D4A7170}.Debug|Any CPU.Build.0 = Debug|Any CPU
		{E5498D77-4633-4FB1-9BF6-BC194D4A7170}.Release|Any CPU.ActiveCfg = Release|Any CPU
		{E5498D77-4633-4FB1-9BF6-BC194D4A7170}.Release|Any CPU.Build.0 = Release|Any CPU
		{7F063FF6-FC8B-471F-9AED-38B85CCD5727}.Debug|Any CPU.ActiveCfg = Debug|Any CPU
		{7F063FF6-FC8B-471F-9AED-38B85CCD5727}.Debug|Any CPU.Build.0 = Debug|Any CPU
		{7F063FF6-FC8B-471F-9AED-38B85CCD5727}.Release|Any CPU.ActiveCfg = Release|Any CPU
		{7F063FF6-FC8B-471F-9AED-38B85CCD5727}.Release|Any CPU.Build.0 = Release|Any CPU
	EndGlobalSection
	GlobalSection(SolutionProperties) = preSolution
		HideSolutionNode = FALSE
	EndGlobalSection
	GlobalSection(ExtensibilityGlobals) = postSolution
		SolutionGuid = {7913E881-CBB6-4DD2-B921-8D2F6DA299E8}
	EndGlobalSection
EndGlobal
